
Microsoft Visual Studio Solution File, Format Version 12.00
# Visual Studio 15
VisualStudioVersion = 15.0.28307.271
MinimumVisualStudioVersion = 10.0.40219.1
Project("{FAE04EC0-301F-11D3-BF4B-00C04F79EFBC}") = "Senai_Pizzaria_Extras", "Senai_Pizzaria_Extras\Senai_Pizzaria_Extras.csproj", "{D9421B23-8DBC-4CAA-985C-0257D3F661CD}"
EndProject
Global
	GlobalSection(SolutionConfigurationPlatforms) = preSolution
		Debug|Any CPU = Debug|Any CPU
		Release|Any CPU = Release|Any CPU
	EndGlobalSection
	GlobalSection(ProjectConfigurationPlatforms) = postSolution
		{D9421B23-8DBC-4CAA-985C-0257D3F661CD}.Debug|Any CPU.ActiveCfg = Debug|Any CPU
		{D9421B23-8DBC-4CAA-985C-0257D3F661CD}.Debug|Any CPU.Build.0 = Debug|Any CPU
		{D9421B23-8DBC-4CAA-985C-0257D3F661CD}.Release|Any CPU.ActiveCfg = Release|Any CPU
		{D9421B23-8DBC-4CAA-985C-0257D3F661CD}.Release|Any CPU.Build.0 = Release|Any CPU
	EndGlobalSection
	GlobalSection(SolutionProperties) = preSolution
		HideSolutionNode = FALSE
	EndGlobalSection
	GlobalSection(ExtensibilityGlobals) = postSolution
		SolutionGuid = {B5BA918D-1FA6-44FB-9669-E6ED30EF2A9D}
	EndGlobalSection
EndGlobal
